// !$*UTF8*$!
{
	archiveVersion = 1;
	classes = {
	};
	objectVersion = 56;
	objects = {

/* Begin PBXBuildFile section */
		CE812EF82EEEA3280074617E /* Quote.swift in Sources */ = {isa = PBXBuildFile; fileRef = CE812EF72EEEA3280074617E /* Quote.swift */; };
		CE812EFA2EEEA3930074617E /* HabitListViewModel.swift in Sources */ = {isa = PBXBuildFile; fileRef = CE812EF92EEEA3930074617E /* HabitListViewModel.swift */; };
		CE812EFC2EEEA3A50074617E /* HabitDetailViewModel.swift in Sources */ = {isa = PBXBuildFile; fileRef = CE812EFB2EEEA3A50074617E /* HabitDetailViewModel.swift */; };
		CE812EFE2EEEA3B80074617E /* AddHabitViewModel.swift in Sources */ = {isa = PBXBuildFile; fileRef = CE812EFD2EEEA3B80074617E /* AddHabitViewModel.swift */; };
		CE812F002EEEA3F20074617E /* QuoteViewModel.swift in Sources */ = {isa = PBXBuildFile; fileRef = CE812EFF2EEEA3F20074617E /* QuoteViewModel.swift */; };
		CE812F022EEEA4150074617E /* HabitRepositoryProtocol.swift in Sources */ = {isa = PBXBuildFile; fileRef = CE812F012EEEA4150074617E /* HabitRepositoryProtocol.swift */; };
		CE812F042EEEA4B40074617E /* HabitRepository.swift in Sources */ = {isa = PBXBuildFile; fileRef = CE812F032EEEA4B40074617E /* HabitRepository.swift */; };
		CE812F062EEEA4BF0074617E /* QuoteRepositoryProtocol.swift in Sources */ = {isa = PBXBuildFile; fileRef = CE812F052EEEA4BF0074617E /* QuoteRepositoryProtocol.swift */; };
		CE812F082EEEA4D30074617E /* QuoteRepository.swift in Sources */ = {isa = PBXBuildFile; fileRef = CE812F072EEEA4D30074617E /* QuoteRepository.swift */; };
		CE812F0A2EEEA4FA0074617E /* HabitStorageActor.swift in Sources */ = {isa = PBXBuildFile; fileRef = CE812F092EEEA4FA0074617E /* HabitStorageActor.swift */; };
		CE812F0C2EEEA5070074617E /* QuoteCacheActor.swift in Sources */ = {isa = PBXBuildFile; fileRef = CE812F0B2EEEA5070074617E /* QuoteCacheActor.swift */; };
		CE812F0E2EEEA5200074617E /* QuoteAPIService.swift in Sources */ = {isa = PBXBuildFile; fileRef = CE812F0D2EEEA5200074617E /* QuoteAPIService.swift */; };
		CE88D9D42ED35758002E1220 /* Habit.swift in Sources */ = {isa = PBXBuildFile; fileRef = CE88D9D32ED35758002E1220 /* Habit.swift */; };
		CEA89CA62EBA590E0079A579 /* HabitDetailView.swift in Sources */ = {isa = PBXBuildFile; fileRef = CEA89CA52EBA590E0079A579 /* HabitDetailView.swift */; };
		CEA89CA82EBA5D5F0079A579 /* AddHabitView.swift in Sources */ = {isa = PBXBuildFile; fileRef = CEA89CA72EBA5D5F0079A579 /* AddHabitView.swift */; };
		FDD486E12EA24BCF00238CA8 /* habitBuddyApp.swift in Sources */ = {isa = PBXBuildFile; fileRef = FDD486E02EA24BCF00238CA8 /* habitBuddyApp.swift */; };
		FDD486E32EA24BCF00238CA8 /* ContentView.swift in Sources */ = {isa = PBXBuildFile; fileRef = FDD486E22EA24BCF00238CA8 /* ContentView.swift */; };
		FDD486E52EA24BE000238CA8 /* Assets.xcassets in Resources */ = {isa = PBXBuildFile; fileRef = FDD486E42EA24BE000238CA8 /* Assets.xcassets */; };
		FDD486E82EA24BE000238CA8 /* Preview Assets.xcassets in Resources */ = {isa = PBXBuildFile; fileRef = FDD486E72EA24BE000238CA8 /* Preview Assets.xcassets */; };
		FDD486F22EA24BE100238CA8 /* habitBuddyTests.swift in Sources */ = {isa = PBXBuildFile; fileRef = FDD486F12EA24BE100238CA8 /* habitBuddyTests.swift */; };
		FDD486FC2EA24BE100238CA8 /* habitBuddyUITests.swift in Sources */ = {isa = PBXBuildFile; fileRef = FDD486FB2EA24BE100238CA8 /* habitBuddyUITests.swift */; };
		FDD486FE2EA24BE100238CA8 /* habitBuddyUITestsLaunchTests.swift in Sources */ = {isa = PBXBuildFile; fileRef = FDD486FD2EA24BE100238CA8 /* habitBuddyUITestsLaunchTests.swift */; };
/* End PBXBuildFile section */

/* Begin PBXContainerItemProxy section */
		FDD486EE2EA24BE100238CA8 /* PBXContainerItemProxy */ = {
			isa = PBXContainerItemProxy;
			containerPortal = FDD486D52EA24BCF00238CA8 /* Project object */;
			proxyType = 1;
			remoteGlobalIDString = FDD486DC2EA24BCF00238CA8;
			remoteInfo = habitBuddy;
		};
		FDD486F82EA24BE100238CA8 /* PBXContainerItemProxy */ = {
			isa = PBXContainerItemProxy;
			containerPortal = FDD486D52EA24BCF00238CA8 /* Project object */;
			proxyType = 1;
			remoteGlobalIDString = FDD486DC2EA24BCF00238CA8;
			remoteInfo = habitBuddy;
		};
/* End PBXContainerItemProxy section */

/* Begin PBXFileReference section */
		CE812EF72EEEA3280074617E /* Quote.swift */ = {isa = PBXFileReference; lastKnownFileType = sourcecode.swift; path = Quote.swift; sourceTree = "<group>"; };
		CE812EF92EEEA3930074617E /* HabitListViewModel.swift */ = {isa = PBXFileReference; lastKnownFileType = sourcecode.swift; path = HabitListViewModel.swift; sourceTree = "<group>"; };
		CE812EFB2EEEA3A50074617E /* HabitDetailViewModel.swift */ = {isa = PBXFileReference; lastKnownFileType = sourcecode.swift; path = HabitDetailViewModel.swift; sourceTree = "<group>"; };
		CE812EFD2EEEA3B80074617E /* AddHabitViewModel.swift */ = {isa = PBXFileReference; lastKnownFileType = sourcecode.swift; path = AddHabitViewModel.swift; sourceTree = "<group>"; };
		CE812EFF2EEEA3F20074617E /* QuoteViewModel.swift */ = {isa = PBXFileReference; lastKnownFileType = sourcecode.swift; path = QuoteViewModel.swift; sourceTree = "<group>"; };
		CE812F012EEEA4150074617E /* HabitRepositoryProtocol.swift */ = {isa = PBXFileReference; lastKnownFileType = sourcecode.swift; path = HabitRepositoryProtocol.swift; sourceTree = "<group>"; };
		CE812F032EEEA4B40074617E /* HabitRepository.swift */ = {isa = PBXFileReference; lastKnownFileType = sourcecode.swift; path = HabitRepository.swift; sourceTree = "<group>"; };
		CE812F052EEEA4BF0074617E /* QuoteRepositoryProtocol.swift */ = {isa = PBXFileReference; lastKnownFileType = sourcecode.swift; path = QuoteRepositoryProtocol.swift; sourceTree = "<group>"; };
		CE812F072EEEA4D30074617E /* QuoteRepository.swift */ = {isa = PBXFileReference; lastKnownFileType = sourcecode.swift; path = QuoteRepository.swift; sourceTree = "<group>"; };
		CE812F092EEEA4FA0074617E /* HabitStorageActor.swift */ = {isa = PBXFileReference; lastKnownFileType = sourcecode.swift; path = HabitStorageActor.swift; sourceTree = "<group>"; };
		CE812F0B2EEEA5070074617E /* QuoteCacheActor.swift */ = {isa = PBXFileReference; lastKnownFileType = sourcecode.swift; path = QuoteCacheActor.swift; sourceTree = "<group>"; };
		CE812F0D2EEEA5200074617E /* QuoteAPIService.swift */ = {isa = PBXFileReference; lastKnownFileType = sourcecode.swift; path = QuoteAPIService.swift; sourceTree = "<group>"; };
		CE88D9D32ED35758002E1220 /* Habit.swift */ = {isa = PBXFileReference; lastKnownFileType = sourcecode.swift; path = Habit.swift; sourceTree = "<group>"; };
		CEA89CA52EBA590E0079A579 /* HabitDetailView.swift */ = {isa = PBXFileReference; lastKnownFileType = sourcecode.swift; path = HabitDetailView.swift; sourceTree = "<group>"; };
		CEA89CA72EBA5D5F0079A579 /* AddHabitView.swift */ = {isa = PBXFileReference; lastKnownFileType = sourcecode.swift; path = AddHabitView.swift; sourceTree = "<group>"; };
		FDD486DD2EA24BCF00238CA8 /* habitBuddy.app */ = {isa = PBXFileReference; explicitFileType = wrapper.application; includeInIndex = 0; path = habitBuddy.app; sourceTree = BUILT_PRODUCTS_DIR; };
		FDD486E02EA24BCF00238CA8 /* habitBuddyApp.swift */ = {isa = PBXFileReference; lastKnownFileType = sourcecode.swift; path = habitBuddyApp.swift; sourceTree = "<group>"; };
		FDD486E22EA24BCF00238CA8 /* ContentView.swift */ = {isa = PBXFileReference; lastKnownFileType = sourcecode.swift; path = ContentView.swift; sourceTree = "<group>"; };
		FDD486E42EA24BE000238CA8 /* Assets.xcassets */ = {isa = PBXFileReference; lastKnownFileType = folder.assetcatalog; path = Assets.xcassets; sourceTree = "<group>"; };
		FDD486E72EA24BE000238CA8 /* Preview Assets.xcassets */ = {isa = PBXFileReference; lastKnownFileType = folder.assetcatalog; path = "Preview Assets.xcassets"; sourceTree = "<group>"; };
		FDD486ED2EA24BE100238CA8 /* habitBuddyTests.xctest */ = {isa = PBXFileReference; explicitFileType = wrapper.cfbundle; includeInIndex = 0; path = habitBuddyTests.xctest; sourceTree = BUILT_PRODUCTS_DIR; };
		FDD486F12EA24BE100238CA8 /* habitBuddyTests.swift */ = {isa = PBXFileReference; lastKnownFileType = sourcecode.swift; path = habitBuddyTests.swift; sourceTree = "<group>"; };
		FDD486F72EA24BE100238CA8 /* habitBuddyUITests.xctest */ = {isa = PBXFileReference; explicitFileType = wrapper.cfbundle; includeInIndex = 0; path = habitBuddyUITests.xctest; sourceTree = BUILT_PRODUCTS_DIR; };
		FDD486FB2EA24BE100238CA8 /* habitBuddyUITests.swift */ = {isa = PBXFileReference; lastKnownFileType = sourcecode.swift; path = habitBuddyUITests.swift; sourceTree = "<group>"; };
		FDD486FD2EA24BE100238CA8 /* habitBuddyUITestsLaunchTests.swift */ = {isa = PBXFileReference; lastKnownFileType = sourcecode.swift; path = habitBuddyUITestsLaunchTests.swift; sourceTree = "<group>"; };
/* End PBXFileReference section */

/* Begin PBXFrameworksBuildPhase section */
		FDD486DA2EA24BCF00238CA8 /* Frameworks */ = {
			isa = PBXFrameworksBuildPhase;
			buildActionMask = 2147483647;
			files = (
			);
			runOnlyForDeploymentPostprocessing = 0;
		};
		FDD486EA2EA24BE100238CA8 /* Frameworks */ = {
			isa = PBXFrameworksBuildPhase;
			buildActionMask = 2147483647;
			files = (
			);
			runOnlyForDeploymentPostprocessing = 0;
		};
		FDD486F42EA24BE100238CA8 /* Frameworks */ = {
			isa = PBXFrameworksBuildPhase;
			buildActionMask = 2147483647;
			files = (
			);
			runOnlyForDeploymentPostprocessing = 0;
		};
/* End PBXFrameworksBuildPhase section */

/* Begin PBXGroup section */
		CE812EF12EEEA2220074617E /* Models */ = {
			isa = PBXGroup;
			children = (
				CE88D9D32ED35758002E1220 /* Habit.swift */,
				CE812EF72EEEA3280074617E /* Quote.swift */,
			);
			path = Models;
			sourceTree = "<group>";
		};
		CE812EF22EEEA2C90074617E /* Views */ = {
			isa = PBXGroup;
			children = (
				CEA89CA52EBA590E0079A579 /* HabitDetailView.swift */,
				CEA89CA72EBA5D5F0079A579 /* AddHabitView.swift */,
				FDD486E22EA24BCF00238CA8 /* ContentView.swift */,
			);
			path = Views;
			sourceTree = "<group>";
		};
		CE812EF32EEEA2D20074617E /* ViewModels */ = {
			isa = PBXGroup;
			children = (
				CE812EF92EEEA3930074617E /* HabitListViewModel.swift */,
				CE812EFB2EEEA3A50074617E /* HabitDetailViewModel.swift */,
				CE812EFD2EEEA3B80074617E /* AddHabitViewModel.swift */,
				CE812EFF2EEEA3F20074617E /* QuoteViewModel.swift */,
			);
			path = ViewModels;
			sourceTree = "<group>";
		};
		CE812EF42EEEA2DB0074617E /* Repositories */ = {
			isa = PBXGroup;
			children = (
				CE812F012EEEA4150074617E /* HabitRepositoryProtocol.swift */,
				CE812F032EEEA4B40074617E /* HabitRepository.swift */,
				CE812F052EEEA4BF0074617E /* QuoteRepositoryProtocol.swift */,
				CE812F072EEEA4D30074617E /* QuoteRepository.swift */,
			);
			path = Repositories;
			sourceTree = "<group>";
		};
		CE812EF52EEEA2E50074617E /* Persistence */ = {
			isa = PBXGroup;
			children = (
				CE812F092EEEA4FA0074617E /* HabitStorageActor.swift */,
				CE812F0B2EEEA5070074617E /* QuoteCacheActor.swift */,
			);
			path = Persistence;
			sourceTree = "<group>";
		};
		CE812EF62EEEA2ED0074617E /* Networking */ = {
			isa = PBXGroup;
			children = (
				CE812F0D2EEEA5200074617E /* QuoteAPIService.swift */,
			);
			path = Networking;
			sourceTree = "<group>";
		};
		FDD486D42EA24BCF00238CA8 = {
			isa = PBXGroup;
			children = (
				FDD486DF2EA24BCF00238CA8 /* habitBuddy */,
				FDD486F02EA24BE100238CA8 /* habitBuddyTests */,
				FDD486FA2EA24BE100238CA8 /* habitBuddyUITests */,
				FDD486DE2EA24BCF00238CA8 /* Products */,
			);
			sourceTree = "<group>";
		};
		FDD486DE2EA24BCF00238CA8 /* Products */ = {
			isa = PBXGroup;
			children = (
				FDD486DD2EA24BCF00238CA8 /* habitBuddy.app */,
				FDD486ED2EA24BE100238CA8 /* habitBuddyTests.xctest */,
				FDD486F72EA24BE100238CA8 /* habitBuddyUITests.xctest */,
			);
			name = Products;
			sourceTree = "<group>";
		};
		FDD486DF2EA24BCF00238CA8 /* habitBuddy */ = {
			isa = PBXGroup;
			children = (
				CE812EF62EEEA2ED0074617E /* Networking */,
				CE812EF52EEEA2E50074617E /* Persistence */,
				CE812EF42EEEA2DB0074617E /* Repositories */,
				CE812EF32EEEA2D20074617E /* ViewModels */,
				CE812EF22EEEA2C90074617E /* Views */,
				CE812EF12EEEA2220074617E /* Models */,
				FDD486E02EA24BCF00238CA8 /* habitBuddyApp.swift */,
				FDD486E42EA24BE000238CA8 /* Assets.xcassets */,
				FDD486E62EA24BE000238CA8 /* Preview Content */,
			);
			path = habitBuddy;
			sourceTree = "<group>";
		};
		FDD486E62EA24BE000238CA8 /* Preview Content */ = {
			isa = PBXGroup;
			children = (
				FDD486E72EA24BE000238CA8 /* Preview Assets.xcassets */,
			);
			path = "Preview Content";
			sourceTree = "<group>";
		};
		FDD486F02EA24BE100238CA8 /* habitBuddyTests */ = {
			isa = PBXGroup;
			children = (
				FDD486F12EA24BE100238CA8 /* habitBuddyTests.swift */,
			);
			path = habitBuddyTests;
			sourceTree = "<group>";
		};
		FDD486FA2EA24BE100238CA8 /* habitBuddyUITests */ = {
			isa = PBXGroup;
			children = (
				FDD486FB2EA24BE100238CA8 /* habitBuddyUITests.swift */,
				FDD486FD2EA24BE100238CA8 /* habitBuddyUITestsLaunchTests.swift */,
			);
			path = habitBuddyUITests;
			sourceTree = "<group>";
		};
/* End PBXGroup section */

/* Begin PBXNativeTarget section */
		FDD486DC2EA24BCF00238CA8 /* habitBuddy */ = {
			isa = PBXNativeTarget;
			buildConfigurationList = FDD487012EA24BE100238CA8 /* Build configuration list for PBXNativeTarget "habitBuddy" */;
			buildPhases = (
				FDD486D92EA24BCF00238CA8 /* Sources */,
				FDD486DA2EA24BCF00238CA8 /* Frameworks */,
				FDD486DB2EA24BCF00238CA8 /* Resources */,
			);
			buildRules = (
			);
			dependencies = (
			);
			name = habitBuddy;
			productName = habitBuddy;
			productReference = FDD486DD2EA24BCF00238CA8 /* habitBuddy.app */;
			productType = "com.apple.product-type.application";
		};
		FDD486EC2EA24BE100238CA8 /* habitBuddyTests */ = {
			isa = PBXNativeTarget;
			buildConfigurationList = FDD487042EA24BE100238CA8 /* Build configuration list for PBXNativeTarget "habitBuddyTests" */;
			buildPhases = (
				FDD486E92EA24BE100238CA8 /* Sources */,
				FDD486EA2EA24BE100238CA8 /* Frameworks */,
				FDD486EB2EA24BE100238CA8 /* Resources */,
			);
			buildRules = (
			);
			dependencies = (
				FDD486EF2EA24BE100238CA8 /* PBXTargetDependency */,
			);
			name = habitBuddyTests;
			productName = habitBuddyTests;
			productReference = FDD486ED2EA24BE100238CA8 /* habitBuddyTests.xctest */;
			productType = "com.apple.product-type.bundle.unit-test";
		};
		FDD486F62EA24BE100238CA8 /* habitBuddyUITests */ = {
			isa = PBXNativeTarget;
			buildConfigurationList = FDD487072EA24BE100238CA8 /* Build configuration list for PBXNativeTarget "habitBuddyUITests" */;
			buildPhases = (
				FDD486F32EA24BE100238CA8 /* Sources */,
				FDD486F42EA24BE100238CA8 /* Frameworks */,
				FDD486F52EA24BE100238CA8 /* Resources */,
			);
			buildRules = (
			);
			dependencies = (
				FDD486F92EA24BE100238CA8 /* PBXTargetDependency */,
			);
			name = habitBuddyUITests;
			productName = habitBuddyUITests;
			productReference = FDD486F72EA24BE100238CA8 /* habitBuddyUITests.xctest */;
			productType = "com.apple.product-type.bundle.ui-testing";
		};
/* End PBXNativeTarget section */

/* Begin PBXProject section */
		FDD486D52EA24BCF00238CA8 /* Project object */ = {
			isa = PBXProject;
			attributes = {
				BuildIndependentTargetsInParallel = 1;
				LastSwiftUpdateCheck = 1520;
				LastUpgradeCheck = 1520;
				TargetAttributes = {
					FDD486DC2EA24BCF00238CA8 = {
						CreatedOnToolsVersion = 15.2;
					};
					FDD486EC2EA24BE100238CA8 = {
						CreatedOnToolsVersion = 15.2;
						TestTargetID = FDD486DC2EA24BCF00238CA8;
					};
					FDD486F62EA24BE100238CA8 = {
						CreatedOnToolsVersion = 15.2;
						TestTargetID = FDD486DC2EA24BCF00238CA8;
					};
				};
			};
			buildConfigurationList = FDD486D82EA24BCF00238CA8 /* Build configuration list for PBXProject "habitBuddy" */;
			compatibilityVersion = "Xcode 14.0";
			developmentRegion = en;
			hasScannedForEncodings = 0;
			knownRegions = (
				en,
				Base,
			);
			mainGroup = FDD486D42EA24BCF00238CA8;
			productRefGroup = FDD486DE2EA24BCF00238CA8 /* Products */;
			projectDirPath = "";
			projectRoot = "";
			targets = (
				FDD486DC2EA24BCF00238CA8 /* habitBuddy */,
				FDD486EC2EA24BE100238CA8 /* habitBuddyTests */,
				FDD486F62EA24BE100238CA8 /* habitBuddyUITests */,
			);
		};
/* End PBXProject section */

/* Begin PBXResourcesBuildPhase section */
		FDD486DB2EA24BCF00238CA8 /* Resources */ = {
			isa = PBXResourcesBuildPhase;
			buildActionMask = 2147483647;
			files = (
				FDD486E82EA24BE000238CA8 /* Preview Assets.xcassets in Resources */,
				FDD486E52EA24BE000238CA8 /* Assets.xcassets in Resources */,
			);
			runOnlyForDeploymentPostprocessing = 0;
		};
		FDD486EB2EA24BE100238CA8 /* Resources */ = {
			isa = PBXResourcesBuildPhase;
			buildActionMask = 2147483647;
			files = (
			);
			runOnlyForDeploymentPostprocessing = 0;
		};
		FDD486F52EA24BE100238CA8 /* Resources */ = {
			isa = PBXResourcesBuildPhase;
			buildActionMask = 2147483647;
			files = (
			);
			runOnlyForDeploymentPostprocessing = 0;
		};
/* End PBXResourcesBuildPhase section */

/* Begin PBXSourcesBuildPhase section */
		FDD486D92EA24BCF00238CA8 /* Sources */ = {
			isa = PBXSourcesBuildPhase;
			buildActionMask = 2147483647;
			files = (
				FDD486E32EA24BCF00238CA8 /* ContentView.swift in Sources */,
				CE812F002EEEA3F20074617E /* QuoteViewModel.swift in Sources */,
				CE88D9D42ED35758002E1220 /* Habit.swift in Sources */,
				CEA89CA82EBA5D5F0079A579 /* AddHabitView.swift in Sources */,
				CE812F042EEEA4B40074617E /* HabitRepository.swift in Sources */,
				CE812F062EEEA4BF0074617E /* QuoteRepositoryProtocol.swift in Sources */,
				CE812F082EEEA4D30074617E /* QuoteRepository.swift in Sources */,
				CE812EFE2EEEA3B80074617E /* AddHabitViewModel.swift in Sources */,
				CE812F022EEEA4150074617E /* HabitRepositoryProtocol.swift in Sources */,
				CEA89CA62EBA590E0079A579 /* HabitDetailView.swift in Sources */,
				CE812EFA2EEEA3930074617E /* HabitListViewModel.swift in Sources */,
				CE812F0C2EEEA5070074617E /* QuoteCacheActor.swift in Sources */,
				CE812F0E2EEEA5200074617E /* QuoteAPIService.swift in Sources */,
				CE812EF82EEEA3280074617E /* Quote.swift in Sources */,
				CE812F0A2EEEA4FA0074617E /* HabitStorageActor.swift in Sources */,
				FDD486E12EA24BCF00238CA8 /* habitBuddyApp.swift in Sources */,
				CE812EFC2EEEA3A50074617E /* HabitDetailViewModel.swift in Sources */,
			);
			runOnlyForDeploymentPostprocessing = 0;
		};
		FDD486E92EA24BE100238CA8 /* Sources */ = {
			isa = PBXSourcesBuildPhase;
			buildActionMask = 2147483647;
			files = (
				FDD486F22EA24BE100238CA8 /* habitBuddyTests.swift in Sources */,
			);
			runOnlyForDeploymentPostprocessing = 0;
		};
		FDD486F32EA24BE100238CA8 /* Sources */ = {
			isa = PBXSourcesBuildPhase;
			buildActionMask = 2147483647;
			files = (
				FDD486FE2EA24BE100238CA8 /* habitBuddyUITestsLaunchTests.swift in Sources */,
				FDD486FC2EA24BE100238CA8 /* habitBuddyUITests.swift in Sources */,
			);
			runOnlyForDeploymentPostprocessing = 0;
		};
/* End PBXSourcesBuildPhase section */

/* Begin PBXTargetDependency section */
		FDD486EF2EA24BE100238CA8 /* PBXTargetDependency */ = {
			isa = PBXTargetDependency;
			target = FDD486DC2EA24BCF00238CA8 /* habitBuddy */;
			targetProxy = FDD486EE2EA24BE100238CA8 /* PBXContainerItemProxy */;
		};
		FDD486F92EA24BE100238CA8 /* PBXTargetDependency */ = {
			isa = PBXTargetDependency;
			target = FDD486DC2EA24BCF00238CA8 /* habitBuddy */;
			targetProxy = FDD486F82EA24BE100238CA8 /* PBXContainerItemProxy */;
		};
/* End PBXTargetDependency section */

/* Begin XCBuildConfiguration section */
		FDD486FF2EA24BE100238CA8 /* Debug */ = {
			isa = XCBuildConfiguration;
			buildSettings = {
				ALWAYS_SEARCH_USER_PATHS = NO;
				ASSETCATALOG_COMPILER_GENERATE_SWIFT_ASSET_SYMBOL_EXTENSIONS = YES;
				CLANG_ANALYZER_NONNULL = YES;
				CLANG_ANALYZER_NUMBER_OBJECT_CONVERSION = YES_AGGRESSIVE;
				CLANG_CXX_LANGUAGE_STANDARD = "gnu++20";
				CLANG_ENABLE_MODULES = YES;
				CLANG_ENABLE_OBJC_ARC = YES;
				CLANG_ENABLE_OBJC_WEAK = YES;
				CLANG_WARN_BLOCK_CAPTURE_AUTORELEASING = YES;
				CLANG_WARN_BOOL_CONVERSION = YES;
				CLANG_WARN_COMMA = YES;
				CLANG_WARN_CONSTANT_CONVERSION = YES;
				CLANG_WARN_DEPRECATED_OBJC_IMPLEMENTATIONS = YES;
				CLANG_WARN_DIRECT_OBJC_ISA_USAGE = YES_ERROR;
				CLANG_WARN_DOCUMENTATION_COMMENTS = YES;
				CLANG_WARN_EMPTY_BODY = YES;
				CLANG_WARN_ENUM_CONVERSION = YES;
				CLANG_WARN_INFINITE_RECURSION = YES;
				CLANG_WARN_INT_CONVERSION = YES;
				CLANG_WARN_NON_LITERAL_NULL_CONVERSION = YES;
				CLANG_WARN_OBJC_IMPLICIT_RETAIN_SELF = YES;
				CLANG_WARN_OBJC_LITERAL_CONVERSION = YES;
				CLANG_WARN_OBJC_ROOT_CLASS = YES_ERROR;
				CLANG_WARN_QUOTED_INCLUDE_IN_FRAMEWORK_HEADER = YES;
				CLANG_WARN_RANGE_LOOP_ANALYSIS = YES;
				CLANG_WARN_STRICT_PROTOTYPES = YES;
				CLANG_WARN_SUSPICIOUS_MOVE = YES;
				CLANG_WARN_UNGUARDED_AVAILABILITY = YES_AGGRESSIVE;
				CLANG_WARN_UNREACHABLE_CODE = YES;
				CLANG_WARN__DUPLICATE_METHOD_MATCH = YES;
				COPY_PHASE_STRIP = NO;
				DEBUG_INFORMATION_FORMAT = dwarf;
				ENABLE_STRICT_OBJC_MSGSEND = YES;
				ENABLE_TESTABILITY = YES;
				ENABLE_USER_SCRIPT_SANDBOXING = YES;
				GCC_C_LANGUAGE_STANDARD = gnu17;
				GCC_DYNAMIC_NO_PIC = NO;
				GCC_NO_COMMON_BLOCKS = YES;
				GCC_OPTIMIZATION_LEVEL = 0;
				GCC_PREPROCESSOR_DEFINITIONS = (
					"DEBUG=1",
					"$(inherited)",
				);
				GCC_WARN_64_TO_32_BIT_CONVERSION = YES;
				GCC_WARN_ABOUT_RETURN_TYPE = YES_ERROR;
				GCC_WARN_UNDECLARED_SELECTOR = YES;
				GCC_WARN_UNINITIALIZED_AUTOS = YES_AGGRESSIVE;
				GCC_WARN_UNUSED_FUNCTION = YES;
				GCC_WARN_UNUSED_VARIABLE = YES;
				IPHONEOS_DEPLOYMENT_TARGET = 17.2;
				LOCALIZATION_PREFERS_STRING_CATALOGS = YES;
				MTL_ENABLE_DEBUG_INFO = INCLUDE_SOURCE;
				MTL_FAST_MATH = YES;
				ONLY_ACTIVE_ARCH = YES;
				SDKROOT = iphoneos;
				SWIFT_ACTIVE_COMPILATION_CONDITIONS = "DEBUG $(inherited)";
				SWIFT_OPTIMIZATION_LEVEL = "-Onone";
			};
			name = Debug;
		};
		FDD487002EA24BE100238CA8 /* Release */ = {
			isa = XCBuildConfiguration;
			buildSettings = {
				ALWAYS_SEARCH_USER_PATHS = NO;
				ASSETCATALOG_COMPILER_GENERATE_SWIFT_ASSET_SYMBOL_EXTENSIONS = YES;
				CLANG_ANALYZER_NONNULL = YES;
				CLANG_ANALYZER_NUMBER_OBJECT_CONVERSION = YES_AGGRESSIVE;
				CLANG_CXX_LANGUAGE_STANDARD = "gnu++20";
				CLANG_ENABLE_MODULES = YES;
				CLANG_ENABLE_OBJC_ARC = YES;
				CLANG_ENABLE_OBJC_WEAK = YES;
				CLANG_WARN_BLOCK_CAPTURE_AUTORELEASING = YES;
				CLANG_WARN_BOOL_CONVERSION = YES;
				CLANG_WARN_COMMA = YES;
				CLANG_WARN_CONSTANT_CONVERSION = YES;
				CLANG_WARN_DEPRECATED_OBJC_IMPLEMENTATIONS = YES;
				CLANG_WARN_DIRECT_OBJC_ISA_USAGE = YES_ERROR;
				CLANG_WARN_DOCUMENTATION_COMMENTS = YES;
				CLANG_WARN_EMPTY_BODY = YES;
				CLANG_WARN_ENUM_CONVERSION = YES;
				CLANG_WARN_INFINITE_RECURSION = YES;
				CLANG_WARN_INT_CONVERSION = YES;
				CLANG_WARN_NON_LITERAL_NULL_CONVERSION = YES;
				CLANG_WARN_OBJC_IMPLICIT_RETAIN_SELF = YES;
				CLANG_WARN_OBJC_LITERAL_CONVERSION = YES;
				CLANG_WARN_OBJC_ROOT_CLASS = YES_ERROR;
				CLANG_WARN_QUOTED_INCLUDE_IN_FRAMEWORK_HEADER = YES;
				CLANG_WARN_RANGE_LOOP_ANALYSIS = YES;
				CLANG_WARN_STRICT_PROTOTYPES = YES;
				CLANG_WARN_SUSPICIOUS_MOVE = YES;
				CLANG_WARN_UNGUARDED_AVAILABILITY = YES_AGGRESSIVE;
				CLANG_WARN_UNREACHABLE_CODE = YES;
				CLANG_WARN__DUPLICATE_METHOD_MATCH = YES;
				COPY_PHASE_STRIP = NO;
				DEBUG_INFORMATION_FORMAT = "dwarf-with-dsym";
				ENABLE_NS_ASSERTIONS = NO;
				ENABLE_STRICT_OBJC_MSGSEND = YES;
				ENABLE_USER_SCRIPT_SANDBOXING = YES;
				GCC_C_LANGUAGE_STANDARD = gnu17;
				GCC_NO_COMMON_BLOCKS = YES;
				GCC_WARN_64_TO_32_BIT_CONVERSION = YES;
				GCC_WARN_ABOUT_RETURN_TYPE = YES_ERROR;
				GCC_WARN_UNDECLARED_SELECTOR = YES;
				GCC_WARN_UNINITIALIZED_AUTOS = YES_AGGRESSIVE;
				GCC_WARN_UNUSED_FUNCTION = YES;
				GCC_WARN_UNUSED_VARIABLE = YES;
				IPHONEOS_DEPLOYMENT_TARGET = 17.2;
				LOCALIZATION_PREFERS_STRING_CATALOGS = YES;
				MTL_ENABLE_DEBUG_INFO = NO;
				MTL_FAST_MATH = YES;
				SDKROOT = iphoneos;
				SWIFT_COMPILATION_MODE = wholemodule;
				VALIDATE_PRODUCT = YES;
			};
			name = Release;
		};
		FDD487022EA24BE100238CA8 /* Debug */ = {
			isa = XCBuildConfiguration;
			buildSettings = {
				ASSETCATALOG_COMPILER_APPICON_NAME = AppIcon;
				ASSETCATALOG_COMPILER_GLOBAL_ACCENT_COLOR_NAME = AccentColor;
				CODE_SIGN_STYLE = Automatic;
				CURRENT_PROJECT_VERSION = 1;
				DEVELOPMENT_ASSET_PATHS = "\"habitBuddy/Preview Content\"";
				ENABLE_PREVIEWS = YES;
				GENERATE_INFOPLIST_FILE = YES;
				INFOPLIST_KEY_UIApplicationSceneManifest_Generation = YES;
				INFOPLIST_KEY_UIApplicationSupportsIndirectInputEvents = YES;
				INFOPLIST_KEY_UILaunchScreen_Generation = YES;
				INFOPLIST_KEY_UISupportedInterfaceOrientations_iPad = "UIInterfaceOrientationPortrait UIInterfaceOrientationPortraitUpsideDown UIInterfaceOrientationLandscapeLeft UIInterfaceOrientationLandscapeRight";
				INFOPLIST_KEY_UISupportedInterfaceOrientations_iPhone = "UIInterfaceOrientationPortrait UIInterfaceOrientationLandscapeLeft UIInterfaceOrientationLandscapeRight";
				LD_RUNPATH_SEARCH_PATHS = (
					"$(inherited)",
					"@executable_path/Frameworks",
				);
				MARKETING_VERSION = 1.0;
				PRODUCT_BUNDLE_IDENTIFIER = lpnu.habitBuddy;
				PRODUCT_NAME = "$(TARGET_NAME)";
				SWIFT_EMIT_LOC_STRINGS = YES;
				SWIFT_VERSION = 5.0;
				TARGETED_DEVICE_FAMILY = "1,2";
			};
			name = Debug;
		};
		FDD487032EA24BE100238CA8 /* Release */ = {
			isa = XCBuildConfiguration;
			buildSettings = {
				ASSETCATALOG_COMPILER_APPICON_NAME = AppIcon;
				ASSETCATALOG_COMPILER_GLOBAL_ACCENT_COLOR_NAME = AccentColor;
				CODE_SIGN_STYLE = Automatic;
				CURRENT_PROJECT_VERSION = 1;
				DEVELOPMENT_ASSET_PATHS = "\"habitBuddy/Preview Content\"";
				ENABLE_PREVIEWS = YES;
				GENERATE_INFOPLIST_FILE = YES;
				INFOPLIST_KEY_UIApplicationSceneManifest_Generation = YES;
				INFOPLIST_KEY_UIApplicationSupportsIndirectInputEvents = YES;
				INFOPLIST_KEY_UILaunchScreen_Generation = YES;
				INFOPLIST_KEY_UISupportedInterfaceOrientations_iPad = "UIInterfaceOrientationPortrait UIInterfaceOrientationPortraitUpsideDown UIInterfaceOrientationLandscapeLeft UIInterfaceOrientationLandscapeRight";
				INFOPLIST_KEY_UISupportedInterfaceOrientations_iPhone = "UIInterfaceOrientationPortrait UIInterfaceOrientationLandscapeLeft UIInterfaceOrientationLandscapeRight";
				LD_RUNPATH_SEARCH_PATHS = (
					"$(inherited)",
					"@executable_path/Frameworks",
				);
				MARKETING_VERSION = 1.0;
				PRODUCT_BUNDLE_IDENTIFIER = lpnu.habitBuddy;
				PRODUCT_NAME = "$(TARGET_NAME)";
				SWIFT_EMIT_LOC_STRINGS = YES;
				SWIFT_VERSION = 5.0;
				TARGETED_DEVICE_FAMILY = "1,2";
			};
			name = Release;
		};
		FDD487052EA24BE100238CA8 /* Debug */ = {
			isa = XCBuildConfiguration;
			buildSettings = {
				ALWAYS_EMBED_SWIFT_STANDARD_LIBRARIES = YES;
				BUNDLE_LOADER = "$(TEST_HOST)";
				CODE_SIGN_STYLE = Automatic;
				CURRENT_PROJECT_VERSION = 1;
				GENERATE_INFOPLIST_FILE = YES;
				IPHONEOS_DEPLOYMENT_TARGET = 17.2;
				MARKETING_VERSION = 1.0;
				PRODUCT_BUNDLE_IDENTIFIER = lpnu.habitBuddyTests;
				PRODUCT_NAME = "$(TARGET_NAME)";
				SWIFT_EMIT_LOC_STRINGS = NO;
				SWIFT_VERSION = 5.0;
				TARGETED_DEVICE_FAMILY = "1,2";
				TEST_HOST = "$(BUILT_PRODUCTS_DIR)/habitBuddy.app/$(BUNDLE_EXECUTABLE_FOLDER_PATH)/habitBuddy";
			};
			name = Debug;
		};
		FDD487062EA24BE100238CA8 /* Release */ = {
			isa = XCBuildConfiguration;
			buildSettings = {
				ALWAYS_EMBED_SWIFT_STANDARD_LIBRARIES = YES;
				BUNDLE_LOADER = "$(TEST_HOST)";
				CODE_SIGN_STYLE = Automatic;
				CURRENT_PROJECT_VERSION = 1;
				GENERATE_INFOPLIST_FILE = YES;
				IPHONEOS_DEPLOYMENT_TARGET = 17.2;
				MARKETING_VERSION = 1.0;
				PRODUCT_BUNDLE_IDENTIFIER = lpnu.habitBuddyTests;
				PRODUCT_NAME = "$(TARGET_NAME)";
				SWIFT_EMIT_LOC_STRINGS = NO;
				SWIFT_VERSION = 5.0;
				TARGETED_DEVICE_FAMILY = "1,2";
				TEST_HOST = "$(BUILT_PRODUCTS_DIR)/habitBuddy.app/$(BUNDLE_EXECUTABLE_FOLDER_PATH)/habitBuddy";
			};
			name = Release;
		};
		FDD487082EA24BE100238CA8 /* Debug */ = {
			isa = XCBuildConfiguration;
			buildSettings = {
				ALWAYS_EMBED_SWIFT_STANDARD_LIBRARIES = YES;
				CODE_SIGN_STYLE = Automatic;
				CURRENT_PROJECT_VERSION = 1;
				GENERATE_INFOPLIST_FILE = YES;
				MARKETING_VERSION = 1.0;
				PRODUCT_BUNDLE_IDENTIFIER = lpnu.habitBuddyUITests;
				PRODUCT_NAME = "$(TARGET_NAME)";
				SWIFT_EMIT_LOC_STRINGS = NO;
				SWIFT_VERSION = 5.0;
				TARGETED_DEVICE_FAMILY = "1,2";
				TEST_TARGET_NAME = habitBuddy;
			};
			name = Debug;
		};
		FDD487092EA24BE100238CA8 /* Release */ = {
			isa = XCBuildConfiguration;
			buildSettings = {
				ALWAYS_EMBED_SWIFT_STANDARD_LIBRARIES = YES;
				CODE_SIGN_STYLE = Automatic;
				CURRENT_PROJECT_VERSION = 1;
				GENERATE_INFOPLIST_FILE = YES;
				MARKETING_VERSION = 1.0;
				PRODUCT_BUNDLE_IDENTIFIER = lpnu.habitBuddyUITests;
				PRODUCT_NAME = "$(TARGET_NAME)";
				SWIFT_EMIT_LOC_STRINGS = NO;
				SWIFT_VERSION = 5.0;
				TARGETED_DEVICE_FAMILY = "1,2";
				TEST_TARGET_NAME = habitBuddy;
			};
			name = Release;
		};
/* End XCBuildConfiguration section */

/* Begin XCConfigurationList section */
		FDD486D82EA24BCF00238CA8 /* Build configuration list for PBXProject "habitBuddy" */ = {
			isa = XCConfigurationList;
			buildConfigurations = (
				FDD486FF2EA24BE100238CA8 /* Debug */,
				FDD487002EA24BE100238CA8 /* Release */,
			);
			defaultConfigurationIsVisible = 0;
			defaultConfigurationName = Release;
		};
		FDD487012EA24BE100238CA8 /* Build configuration list for PBXNativeTarget "habitBuddy" */ = {
			isa = XCConfigurationList;
			buildConfigurations = (
				FDD487022EA24BE100238CA8 /* Debug */,
				FDD487032EA24BE100238CA8 /* Release */,
			);
			defaultConfigurationIsVisible = 0;
			defaultConfigurationName = Release;
		};
		FDD487042EA24BE100238CA8 /* Build configuration list for PBXNativeTarget "habitBuddyTests" */ = {
			isa = XCConfigurationList;
			buildConfigurations = (
				FDD487052EA24BE100238CA8 /* Debug */,
				FDD487062EA24BE100238CA8 /* Release */,
			);
			defaultConfigurationIsVisible = 0;
			defaultConfigurationName = Release;
		};
		FDD487072EA24BE100238CA8 /* Build configuration list for PBXNativeTarget "habitBuddyUITests" */ = {
			isa = XCConfigurationList;
			buildConfigurations = (
				FDD487082EA24BE100238CA8 /* Debug */,
				FDD487092EA24BE100238CA8 /* Release */,
			);
			defaultConfigurationIsVisible = 0;
			defaultConfigurationName = Release;
		};
/* End XCConfigurationList section */
	};
	rootObject = FDD486D52EA24BCF00238CA8 /* Project object */;
}
