// !$*UTF8*$!
{
	archiveVersion = 1;
	classes = {
	};
	objectVersion = 55;
	objects = {

/* Begin PBXBuildFile section */
		B153226D2EB63DE2004AF46E /* lab1App.swift in Sources */ = {isa = PBXBuildFile; fileRef = B153226C2EB63DE2004AF46E /* lab1App.swift */; };
		B153226F2EB6402A004AF46E /* FitTrackerView.swift in Sources */ = {isa = PBXBuildFile; fileRef = B153226E2EB6402A004AF46E /* FitTrackerView.swift */; };
		B15322712EB64064004AF46E /* WorkoutViewModel.swift in Sources */ = {isa = PBXBuildFile; fileRef = B15322702EB64064004AF46E /* WorkoutViewModel.swift */; };
		B15322732EB6407D004AF46E /* WorkoutHeader.swift in Sources */ = {isa = PBXBuildFile; fileRef = B15322722EB6407D004AF46E /* WorkoutHeader.swift */; };
		B15322752EB64080004AF46E /* ExerciseRow.swift in Sources */ = {isa = PBXBuildFile; fileRef = B15322742EB64080004AF46E /* ExerciseRow.swift */; };
		B15322792EB64089004AF46E /* Workout.swift in Sources */ = {isa = PBXBuildFile; fileRef = B15322782EB64089004AF46E /* Workout.swift */; };
		B153227B2EB76BA8004AF46E /* AppDelegate.swift in Sources */ = {isa = PBXBuildFile; fileRef = B153227A2EB76BA7004AF46E /* AppDelegate.swift */; };
		B153227D2EB784E6004AF46E /* IntensitySliderRepresentable.swift in Sources */ = {isa = PBXBuildFile; fileRef = B153227C2EB784E6004AF46E /* IntensitySliderRepresentable.swift */; };
		B153227F2EB78B21004AF46E /* ActivityViewControllerRepresentable.swift in Sources */ = {isa = PBXBuildFile; fileRef = B153227E2EB78B21004AF46E /* ActivityViewControllerRepresentable.swift */; };
		B15322812EB78D70004AF46E /* SavedWorkoutsView.swift in Sources */ = {isa = PBXBuildFile; fileRef = B15322802EB78D70004AF46E /* SavedWorkoutsView.swift */; };
		B15322832EB78DAC004AF46E /* WorkoutDetailView.swift in Sources */ = {isa = PBXBuildFile; fileRef = B15322822EB78DAC004AF46E /* WorkoutDetailView.swift */; };
		B15322852ECA63B8004AF46E /* ExerciseAPIModel.swift in Sources */ = {isa = PBXBuildFile; fileRef = B15322842ECA63B8004AF46E /* ExerciseAPIModel.swift */; };
		B153228D2ECCF8A4004AF46E /* FitTrackerRootView.swift in Sources */ = {isa = PBXBuildFile; fileRef = B153228C2ECCF8A4004AF46E /* FitTrackerRootView.swift */; };
		B153228F2ECD032B004AF46E /* ExerciseItem.swift in Sources */ = {isa = PBXBuildFile; fileRef = B153228E2ECD032B004AF46E /* ExerciseItem.swift */; };
		B15322912EE829BC004AF46E /* ExerciseSearchResponse.swift in Sources */ = {isa = PBXBuildFile; fileRef = B15322902EE829BC004AF46E /* ExerciseSearchResponse.swift */; };
		B15322932EE82B42004AF46E /* WorkoutStorageActor.swift in Sources */ = {isa = PBXBuildFile; fileRef = B15322922EE82B42004AF46E /* WorkoutStorageActor.swift */; };
		B15322952EE82B84004AF46E /* WorkoutRepository.swift in Sources */ = {isa = PBXBuildFile; fileRef = B15322942EE82B84004AF46E /* WorkoutRepository.swift */; };
		B15322972EE82BC8004AF46E /* DefaultWorkoutRepository.swift in Sources */ = {isa = PBXBuildFile; fileRef = B15322962EE82BC8004AF46E /* DefaultWorkoutRepository.swift */; };
		B15322992EE82CCE004AF46E /* AppCoordinator.swift in Sources */ = {isa = PBXBuildFile; fileRef = B15322982EE82CCE004AF46E /* AppCoordinator.swift */; };
		B153229B2EEB5A11004AF46E /* WorkoutCoreDataActor.swift in Sources */ = {isa = PBXBuildFile; fileRef = B153229A2EEB5A11004AF46E /* WorkoutCoreDataActor.swift */; };
		B153229D2EEB5AA0004AF46E /* WorkoutEntity.swift in Sources */ = {isa = PBXBuildFile; fileRef = B153229C2EEB5AA0004AF46E /* WorkoutEntity.swift */; };
		B153229F2EEB5E1A004AF46E /* CoreDataEntities.swift in Sources */ = {isa = PBXBuildFile; fileRef = B153229E2EEB5E1A004AF46E /* CoreDataEntities.swift */; };
		B15322A12EEB5E5E004AF46E /* PersistenceController.swift in Sources */ = {isa = PBXBuildFile; fileRef = B15322A02EEB5E5E004AF46E /* PersistenceController.swift */; };
		B15322A32EEB6148004AF46E /* ExerciseAPIService.swift in Sources */ = {isa = PBXBuildFile; fileRef = B15322A22EEB6148004AF46E /* ExerciseAPIService.swift */; };
		B19EE5CD2E9C332C0090F6E3 /* Assets.xcassets in Resources */ = {isa = PBXBuildFile; fileRef = B19EE5CC2E9C332C0090F6E3 /* Assets.xcassets */; };
		B19EE5D02E9C332C0090F6E3 /* Preview Assets.xcassets in Resources */ = {isa = PBXBuildFile; fileRef = B19EE5CF2E9C332C0090F6E3 /* Preview Assets.xcassets */; };
		B19EE5DA2E9C332D0090F6E3 /* lab1Tests.swift in Sources */ = {isa = PBXBuildFile; fileRef = B19EE5D92E9C332D0090F6E3 /* lab1Tests.swift */; };
		B19EE5E42E9C332D0090F6E3 /* lab1UITests.swift in Sources */ = {isa = PBXBuildFile; fileRef = B19EE5E32E9C332D0090F6E3 /* lab1UITests.swift */; };
		B19EE5E62E9C332D0090F6E3 /* lab1UITestsLaunchTests.swift in Sources */ = {isa = PBXBuildFile; fileRef = B19EE5E52E9C332D0090F6E3 /* lab1UITestsLaunchTests.swift */; };
/* End PBXBuildFile section */

/* Begin PBXContainerItemProxy section */
		B19EE5D62E9C332D0090F6E3 /* PBXContainerItemProxy */ = {
			isa = PBXContainerItemProxy;
			containerPortal = B19EE5BD2E9C33240090F6E3 /* Project object */;
			proxyType = 1;
			remoteGlobalIDString = B19EE5C42E9C33250090F6E3;
			remoteInfo = lab1;
		};
		B19EE5E02E9C332D0090F6E3 /* PBXContainerItemProxy */ = {
			isa = PBXContainerItemProxy;
			containerPortal = B19EE5BD2E9C33240090F6E3 /* Project object */;
			proxyType = 1;
			remoteGlobalIDString = B19EE5C42E9C33250090F6E3;
			remoteInfo = lab1;
		};
/* End PBXContainerItemProxy section */

/* Begin PBXFileReference section */
		B153226C2EB63DE2004AF46E /* lab1App.swift */ = {isa = PBXFileReference; lastKnownFileType = sourcecode.swift; path = lab1App.swift; sourceTree = "<group>"; };
		B153226E2EB6402A004AF46E /* FitTrackerView.swift */ = {isa = PBXFileReference; lastKnownFileType = sourcecode.swift; path = FitTrackerView.swift; sourceTree = "<group>"; };
		B15322702EB64064004AF46E /* WorkoutViewModel.swift */ = {isa = PBXFileReference; lastKnownFileType = sourcecode.swift; path = WorkoutViewModel.swift; sourceTree = "<group>"; };
		B15322722EB6407D004AF46E /* WorkoutHeader.swift */ = {isa = PBXFileReference; lastKnownFileType = sourcecode.swift; path = WorkoutHeader.swift; sourceTree = "<group>"; };
		B15322742EB64080004AF46E /* ExerciseRow.swift */ = {isa = PBXFileReference; lastKnownFileType = sourcecode.swift; path = ExerciseRow.swift; sourceTree = "<group>"; };
		B15322782EB64089004AF46E /* Workout.swift */ = {isa = PBXFileReference; lastKnownFileType = sourcecode.swift; path = Workout.swift; sourceTree = "<group>"; };
		B153227A2EB76BA7004AF46E /* AppDelegate.swift */ = {isa = PBXFileReference; lastKnownFileType = sourcecode.swift; path = AppDelegate.swift; sourceTree = "<group>"; };
		B153227C2EB784E6004AF46E /* IntensitySliderRepresentable.swift */ = {isa = PBXFileReference; lastKnownFileType = sourcecode.swift; path = IntensitySliderRepresentable.swift; sourceTree = "<group>"; };
		B153227E2EB78B21004AF46E /* ActivityViewControllerRepresentable.swift */ = {isa = PBXFileReference; lastKnownFileType = sourcecode.swift; path = ActivityViewControllerRepresentable.swift; sourceTree = "<group>"; };
		B15322802EB78D70004AF46E /* SavedWorkoutsView.swift */ = {isa = PBXFileReference; lastKnownFileType = sourcecode.swift; path = SavedWorkoutsView.swift; sourceTree = "<group>"; };
		B15322822EB78DAC004AF46E /* WorkoutDetailView.swift */ = {isa = PBXFileReference; lastKnownFileType = sourcecode.swift; path = WorkoutDetailView.swift; sourceTree = "<group>"; };
		B15322842ECA63B8004AF46E /* ExerciseAPIModel.swift */ = {isa = PBXFileReference; lastKnownFileType = sourcecode.swift; path = ExerciseAPIModel.swift; sourceTree = "<group>"; };
		B153228C2ECCF8A4004AF46E /* FitTrackerRootView.swift */ = {isa = PBXFileReference; lastKnownFileType = sourcecode.swift; path = FitTrackerRootView.swift; sourceTree = "<group>"; };
		B153228E2ECD032B004AF46E /* ExerciseItem.swift */ = {isa = PBXFileReference; lastKnownFileType = sourcecode.swift; path = ExerciseItem.swift; sourceTree = "<group>"; };
		B15322902EE829BC004AF46E /* ExerciseSearchResponse.swift */ = {isa = PBXFileReference; lastKnownFileType = sourcecode.swift; path = ExerciseSearchResponse.swift; sourceTree = "<group>"; };
		B15322922EE82B42004AF46E /* WorkoutStorageActor.swift */ = {isa = PBXFileReference; lastKnownFileType = sourcecode.swift; path = WorkoutStorageActor.swift; sourceTree = "<group>"; };
		B15322942EE82B84004AF46E /* WorkoutRepository.swift */ = {isa = PBXFileReference; lastKnownFileType = sourcecode.swift; path = WorkoutRepository.swift; sourceTree = "<group>"; };
		B15322962EE82BC8004AF46E /* DefaultWorkoutRepository.swift */ = {isa = PBXFileReference; lastKnownFileType = sourcecode.swift; path = DefaultWorkoutRepository.swift; sourceTree = "<group>"; };
		B15322982EE82CCE004AF46E /* AppCoordinator.swift */ = {isa = PBXFileReference; lastKnownFileType = sourcecode.swift; path = AppCoordinator.swift; sourceTree = "<group>"; };
		B153229A2EEB5A11004AF46E /* WorkoutCoreDataActor.swift */ = {isa = PBXFileReference; lastKnownFileType = sourcecode.swift; path = WorkoutCoreDataActor.swift; sourceTree = "<group>"; };
		B153229C2EEB5AA0004AF46E /* WorkoutEntity.swift */ = {isa = PBXFileReference; lastKnownFileType = sourcecode.swift; path = WorkoutEntity.swift; sourceTree = "<group>"; };
		B153229E2EEB5E1A004AF46E /* CoreDataEntities.swift */ = {isa = PBXFileReference; lastKnownFileType = sourcecode.swift; path = CoreDataEntities.swift; sourceTree = "<group>"; };
		B15322A02EEB5E5E004AF46E /* PersistenceController.swift */ = {isa = PBXFileReference; lastKnownFileType = sourcecode.swift; path = PersistenceController.swift; sourceTree = "<group>"; };
		B15322A22EEB6148004AF46E /* ExerciseAPIService.swift */ = {isa = PBXFileReference; lastKnownFileType = sourcecode.swift; path = ExerciseAPIService.swift; sourceTree = "<group>"; };
		B19EE5C52E9C33250090F6E3 /* lab1.app */ = {isa = PBXFileReference; explicitFileType = wrapper.application; includeInIndex = 0; path = lab1.app; sourceTree = BUILT_PRODUCTS_DIR; };
		B19EE5CC2E9C332C0090F6E3 /* Assets.xcassets */ = {isa = PBXFileReference; lastKnownFileType = folder.assetcatalog; path = Assets.xcassets; sourceTree = "<group>"; };
		B19EE5CF2E9C332C0090F6E3 /* Preview Assets.xcassets */ = {isa = PBXFileReference; lastKnownFileType = folder.assetcatalog; path = "Preview Assets.xcassets"; sourceTree = "<group>"; };
		B19EE5D52E9C332D0090F6E3 /* lab1Tests.xctest */ = {isa = PBXFileReference; explicitFileType = wrapper.cfbundle; includeInIndex = 0; path = lab1Tests.xctest; sourceTree = BUILT_PRODUCTS_DIR; };
		B19EE5D92E9C332D0090F6E3 /* lab1Tests.swift */ = {isa = PBXFileReference; lastKnownFileType = sourcecode.swift; path = lab1Tests.swift; sourceTree = "<group>"; };
		B19EE5DF2E9C332D0090F6E3 /* lab1UITests.xctest */ = {isa = PBXFileReference; explicitFileType = wrapper.cfbundle; includeInIndex = 0; path = lab1UITests.xctest; sourceTree = BUILT_PRODUCTS_DIR; };
		B19EE5E32E9C332D0090F6E3 /* lab1UITests.swift */ = {isa = PBXFileReference; lastKnownFileType = sourcecode.swift; path = lab1UITests.swift; sourceTree = "<group>"; };
		B19EE5E52E9C332D0090F6E3 /* lab1UITestsLaunchTests.swift */ = {isa = PBXFileReference; lastKnownFileType = sourcecode.swift; path = lab1UITestsLaunchTests.swift; sourceTree = "<group>"; };
/* End PBXFileReference section */

/* Begin PBXFrameworksBuildPhase section */
		B19EE5C22E9C33250090F6E3 /* Frameworks */ = {
			isa = PBXFrameworksBuildPhase;
			buildActionMask = 2147483647;
			files = (
			);
			runOnlyForDeploymentPostprocessing = 0;
		};
		B19EE5D22E9C332D0090F6E3 /* Frameworks */ = {
			isa = PBXFrameworksBuildPhase;
			buildActionMask = 2147483647;
			files = (
			);
			runOnlyForDeploymentPostprocessing = 0;
		};
		B19EE5DC2E9C332D0090F6E3 /* Frameworks */ = {
			isa = PBXFrameworksBuildPhase;
			buildActionMask = 2147483647;
			files = (
			);
			runOnlyForDeploymentPostprocessing = 0;
		};
/* End PBXFrameworksBuildPhase section */

/* Begin PBXGroup section */
		B19EE5BC2E9C33240090F6E3 = {
			isa = PBXGroup;
			children = (
				B19EE5C72E9C33250090F6E3 /* lab1 */,
				B19EE5D82E9C332D0090F6E3 /* lab1Tests */,
				B19EE5E22E9C332D0090F6E3 /* lab1UITests */,
				B19EE5C62E9C33250090F6E3 /* Products */,
			);
			sourceTree = "<group>";
		};
		B19EE5C62E9C33250090F6E3 /* Products */ = {
			isa = PBXGroup;
			children = (
				B19EE5C52E9C33250090F6E3 /* lab1.app */,
				B19EE5D52E9C332D0090F6E3 /* lab1Tests.xctest */,
				B19EE5DF2E9C332D0090F6E3 /* lab1UITests.xctest */,
			);
			name = Products;
			sourceTree = "<group>";
		};
		B19EE5C72E9C33250090F6E3 /* lab1 */ = {
			isa = PBXGroup;
			children = (
				B15322782EB64089004AF46E /* Workout.swift */,
				B153228E2ECD032B004AF46E /* ExerciseItem.swift */,
				B15322742EB64080004AF46E /* ExerciseRow.swift */,
				B15322722EB6407D004AF46E /* WorkoutHeader.swift */,
				B15322702EB64064004AF46E /* WorkoutViewModel.swift */,
				B153226E2EB6402A004AF46E /* FitTrackerView.swift */,
				B153226C2EB63DE2004AF46E /* lab1App.swift */,
				B19EE5CC2E9C332C0090F6E3 /* Assets.xcassets */,
				B19EE5CE2E9C332C0090F6E3 /* Preview Content */,
				B153227A2EB76BA7004AF46E /* AppDelegate.swift */,
				B153227C2EB784E6004AF46E /* IntensitySliderRepresentable.swift */,
				B153227E2EB78B21004AF46E /* ActivityViewControllerRepresentable.swift */,
				B15322802EB78D70004AF46E /* SavedWorkoutsView.swift */,
				B15322822EB78DAC004AF46E /* WorkoutDetailView.swift */,
				B15322842ECA63B8004AF46E /* ExerciseAPIModel.swift */,
				B153228C2ECCF8A4004AF46E /* FitTrackerRootView.swift */,
				B15322902EE829BC004AF46E /* ExerciseSearchResponse.swift */,
				B15322922EE82B42004AF46E /* WorkoutStorageActor.swift */,
				B15322942EE82B84004AF46E /* WorkoutRepository.swift */,
				B15322962EE82BC8004AF46E /* DefaultWorkoutRepository.swift */,
				B15322982EE82CCE004AF46E /* AppCoordinator.swift */,
				B153229A2EEB5A11004AF46E /* WorkoutCoreDataActor.swift */,
				B153229C2EEB5AA0004AF46E /* WorkoutEntity.swift */,
				B153229E2EEB5E1A004AF46E /* CoreDataEntities.swift */,
				B15322A02EEB5E5E004AF46E /* PersistenceController.swift */,
				B15322A22EEB6148004AF46E /* ExerciseAPIService.swift */,
			);
			path = lab1;
			sourceTree = "<group>";
		};
		B19EE5CE2E9C332C0090F6E3 /* Preview Content */ = {
			isa = PBXGroup;
			children = (
				B19EE5CF2E9C332C0090F6E3 /* Preview Assets.xcassets */,
			);
			path = "Preview Content";
			sourceTree = "<group>";
		};
		B19EE5D82E9C332D0090F6E3 /* lab1Tests */ = {
			isa = PBXGroup;
			children = (
				B19EE5D92E9C332D0090F6E3 /* lab1Tests.swift */,
			);
			path = lab1Tests;
			sourceTree = "<group>";
		};
		B19EE5E22E9C332D0090F6E3 /* lab1UITests */ = {
			isa = PBXGroup;
			children = (
				B19EE5E32E9C332D0090F6E3 /* lab1UITests.swift */,
				B19EE5E52E9C332D0090F6E3 /* lab1UITestsLaunchTests.swift */,
			);
			path = lab1UITests;
			sourceTree = "<group>";
		};
/* End PBXGroup section */

/* Begin PBXNativeTarget section */
		B19EE5C42E9C33250090F6E3 /* lab1 */ = {
			isa = PBXNativeTarget;
			buildConfigurationList = B19EE5E92E9C332D0090F6E3 /* Build configuration list for PBXNativeTarget "lab1" */;
			buildPhases = (
				B19EE5C12E9C33250090F6E3 /* Sources */,
				B19EE5C22E9C33250090F6E3 /* Frameworks */,
				B19EE5C32E9C33250090F6E3 /* Resources */,
			);
			buildRules = (
			);
			dependencies = (
			);
			name = lab1;
			productName = lab1;
			productReference = B19EE5C52E9C33250090F6E3 /* lab1.app */;
			productType = "com.apple.product-type.application";
		};
		B19EE5D42E9C332D0090F6E3 /* lab1Tests */ = {
			isa = PBXNativeTarget;
			buildConfigurationList = B19EE5EC2E9C332D0090F6E3 /* Build configuration list for PBXNativeTarget "lab1Tests" */;
			buildPhases = (
				B19EE5D12E9C332D0090F6E3 /* Sources */,
				B19EE5D22E9C332D0090F6E3 /* Frameworks */,
				B19EE5D32E9C332D0090F6E3 /* Resources */,
			);
			buildRules = (
			);
			dependencies = (
				B19EE5D72E9C332D0090F6E3 /* PBXTargetDependency */,
			);
			name = lab1Tests;
			productName = lab1Tests;
			productReference = B19EE5D52E9C332D0090F6E3 /* lab1Tests.xctest */;
			productType = "com.apple.product-type.bundle.unit-test";
		};
		B19EE5DE2E9C332D0090F6E3 /* lab1UITests */ = {
			isa = PBXNativeTarget;
			buildConfigurationList = B19EE5EF2E9C332D0090F6E3 /* Build configuration list for PBXNativeTarget "lab1UITests" */;
			buildPhases = (
				B19EE5DB2E9C332D0090F6E3 /* Sources */,
				B19EE5DC2E9C332D0090F6E3 /* Frameworks */,
				B19EE5DD2E9C332D0090F6E3 /* Resources */,
			);
			buildRules = (
			);
			dependencies = (
				B19EE5E12E9C332D0090F6E3 /* PBXTargetDependency */,
			);
			name = lab1UITests;
			productName = lab1UITests;
			productReference = B19EE5DF2E9C332D0090F6E3 /* lab1UITests.xctest */;
			productType = "com.apple.product-type.bundle.ui-testing";
		};
/* End PBXNativeTarget section */

/* Begin PBXProject section */
		B19EE5BD2E9C33240090F6E3 /* Project object */ = {
			isa = PBXProject;
			attributes = {
				BuildIndependentTargetsInParallel = 1;
				LastSwiftUpdateCheck = 1320;
				LastUpgradeCheck = 1320;
				TargetAttributes = {
					B19EE5C42E9C33250090F6E3 = {
						CreatedOnToolsVersion = 13.2;
					};
					B19EE5D42E9C332D0090F6E3 = {
						CreatedOnToolsVersion = 13.2;
						TestTargetID = B19EE5C42E9C33250090F6E3;
					};
					B19EE5DE2E9C332D0090F6E3 = {
						CreatedOnToolsVersion = 13.2;
						TestTargetID = B19EE5C42E9C33250090F6E3;
					};
				};
			};
			buildConfigurationList = B19EE5C02E9C33240090F6E3 /* Build configuration list for PBXProject "lab1" */;
			compatibilityVersion = "Xcode 13.0";
			developmentRegion = en;
			hasScannedForEncodings = 0;
			knownRegions = (
				en,
				Base,
			);
			mainGroup = B19EE5BC2E9C33240090F6E3;
			productRefGroup = B19EE5C62E9C33250090F6E3 /* Products */;
			projectDirPath = "";
			projectRoot = "";
			targets = (
				B19EE5C42E9C33250090F6E3 /* lab1 */,
				B19EE5D42E9C332D0090F6E3 /* lab1Tests */,
				B19EE5DE2E9C332D0090F6E3 /* lab1UITests */,
			);
		};
/* End PBXProject section */

/* Begin PBXResourcesBuildPhase section */
		B19EE5C32E9C33250090F6E3 /* Resources */ = {
			isa = PBXResourcesBuildPhase;
			buildActionMask = 2147483647;
			files = (
				B19EE5D02E9C332C0090F6E3 /* Preview Assets.xcassets in Resources */,
				B19EE5CD2E9C332C0090F6E3 /* Assets.xcassets in Resources */,
			);
			runOnlyForDeploymentPostprocessing = 0;
		};
		B19EE5D32E9C332D0090F6E3 /* Resources */ = {
			isa = PBXResourcesBuildPhase;
			buildActionMask = 2147483647;
			files = (
			);
			runOnlyForDeploymentPostprocessing = 0;
		};
		B19EE5DD2E9C332D0090F6E3 /* Resources */ = {
			isa = PBXResourcesBuildPhase;
			buildActionMask = 2147483647;
			files = (
			);
			runOnlyForDeploymentPostprocessing = 0;
		};
/* End PBXResourcesBuildPhase section */

/* Begin PBXSourcesBuildPhase section */
		B19EE5C12E9C33250090F6E3 /* Sources */ = {
			isa = PBXSourcesBuildPhase;
			buildActionMask = 2147483647;
			files = (
				B153229B2EEB5A11004AF46E /* WorkoutCoreDataActor.swift in Sources */,
				B15322A12EEB5E5E004AF46E /* PersistenceController.swift in Sources */,
				B153229D2EEB5AA0004AF46E /* WorkoutEntity.swift in Sources */,
				B153227B2EB76BA8004AF46E /* AppDelegate.swift in Sources */,
				B153226D2EB63DE2004AF46E /* lab1App.swift in Sources */,
				B15322792EB64089004AF46E /* Workout.swift in Sources */,
				B15322A32EEB6148004AF46E /* ExerciseAPIService.swift in Sources */,
				B15322952EE82B84004AF46E /* WorkoutRepository.swift in Sources */,
				B153227F2EB78B21004AF46E /* ActivityViewControllerRepresentable.swift in Sources */,
				B153228D2ECCF8A4004AF46E /* FitTrackerRootView.swift in Sources */,
				B15322812EB78D70004AF46E /* SavedWorkoutsView.swift in Sources */,
				B153228F2ECD032B004AF46E /* ExerciseItem.swift in Sources */,
				B15322912EE829BC004AF46E /* ExerciseSearchResponse.swift in Sources */,
				B153229F2EEB5E1A004AF46E /* CoreDataEntities.swift in Sources */,
				B15322712EB64064004AF46E /* WorkoutViewModel.swift in Sources */,
				B15322832EB78DAC004AF46E /* WorkoutDetailView.swift in Sources */,
				B15322752EB64080004AF46E /* ExerciseRow.swift in Sources */,
				B15322732EB6407D004AF46E /* WorkoutHeader.swift in Sources */,
				B153226F2EB6402A004AF46E /* FitTrackerView.swift in Sources */,
				B15322932EE82B42004AF46E /* WorkoutStorageActor.swift in Sources */,
				B15322992EE82CCE004AF46E /* AppCoordinator.swift in Sources */,
				B15322972EE82BC8004AF46E /* DefaultWorkoutRepository.swift in Sources */,
				B15322852ECA63B8004AF46E /* ExerciseAPIModel.swift in Sources */,
				B153227D2EB784E6004AF46E /* IntensitySliderRepresentable.swift in Sources */,
			);
			runOnlyForDeploymentPostprocessing = 0;
		};
		B19EE5D12E9C332D0090F6E3 /* Sources */ = {
			isa = PBXSourcesBuildPhase;
			buildActionMask = 2147483647;
			files = (
				B19EE5DA2E9C332D0090F6E3 /* lab1Tests.swift in Sources */,
			);
			runOnlyForDeploymentPostprocessing = 0;
		};
		B19EE5DB2E9C332D0090F6E3 /* Sources */ = {
			isa = PBXSourcesBuildPhase;
			buildActionMask = 2147483647;
			files = (
				B19EE5E62E9C332D0090F6E3 /* lab1UITestsLaunchTests.swift in Sources */,
				B19EE5E42E9C332D0090F6E3 /* lab1UITests.swift in Sources */,
			);
			runOnlyForDeploymentPostprocessing = 0;
		};
/* End PBXSourcesBuildPhase section */

/* Begin PBXTargetDependency section */
		B19EE5D72E9C332D0090F6E3 /* PBXTargetDependency */ = {
			isa = PBXTargetDependency;
			target = B19EE5C42E9C33250090F6E3 /* lab1 */;
			targetProxy = B19EE5D62E9C332D0090F6E3 /* PBXContainerItemProxy */;
		};
		B19EE5E12E9C332D0090F6E3 /* PBXTargetDependency */ = {
			isa = PBXTargetDependency;
			target = B19EE5C42E9C33250090F6E3 /* lab1 */;
			targetProxy = B19EE5E02E9C332D0090F6E3 /* PBXContainerItemProxy */;
		};
/* End PBXTargetDependency section */

/* Begin XCBuildConfiguration section */
		B19EE5E72E9C332D0090F6E3 /* Debug */ = {
			isa = XCBuildConfiguration;
			buildSettings = {
				ALWAYS_SEARCH_USER_PATHS = NO;
				CLANG_ANALYZER_NONNULL = YES;
				CLANG_ANALYZER_NUMBER_OBJECT_CONVERSION = YES_AGGRESSIVE;
				CLANG_CXX_LANGUAGE_STANDARD = "gnu++17";
				CLANG_CXX_LIBRARY = "libc++";
				CLANG_ENABLE_MODULES = YES;
				CLANG_ENABLE_OBJC_ARC = YES;
				CLANG_ENABLE_OBJC_WEAK = YES;
				CLANG_WARN_BLOCK_CAPTURE_AUTORELEASING = YES;
				CLANG_WARN_BOOL_CONVERSION = YES;
				CLANG_WARN_COMMA = YES;
				CLANG_WARN_CONSTANT_CONVERSION = YES;
				CLANG_WARN_DEPRECATED_OBJC_IMPLEMENTATIONS = YES;
				CLANG_WARN_DIRECT_OBJC_ISA_USAGE = YES_ERROR;
				CLANG_WARN_DOCUMENTATION_COMMENTS = YES;
				CLANG_WARN_EMPTY_BODY = YES;
				CLANG_WARN_ENUM_CONVERSION = YES;
				CLANG_WARN_INFINITE_RECURSION = YES;
				CLANG_WARN_INT_CONVERSION = YES;
				CLANG_WARN_NON_LITERAL_NULL_CONVERSION = YES;
				CLANG_WARN_OBJC_IMPLICIT_RETAIN_SELF = YES;
				CLANG_WARN_OBJC_LITERAL_CONVERSION = YES;
				CLANG_WARN_OBJC_ROOT_CLASS = YES_ERROR;
				CLANG_WARN_QUOTED_INCLUDE_IN_FRAMEWORK_HEADER = YES;
				CLANG_WARN_RANGE_LOOP_ANALYSIS = YES;
				CLANG_WARN_STRICT_PROTOTYPES = YES;
				CLANG_WARN_SUSPICIOUS_MOVE = YES;
				CLANG_WARN_UNGUARDED_AVAILABILITY = YES_AGGRESSIVE;
				CLANG_WARN_UNREACHABLE_CODE = YES;
				CLANG_WARN__DUPLICATE_METHOD_MATCH = YES;
				COPY_PHASE_STRIP = NO;
				DEBUG_INFORMATION_FORMAT = dwarf;
				ENABLE_STRICT_OBJC_MSGSEND = YES;
				ENABLE_TESTABILITY = YES;
				GCC_C_LANGUAGE_STANDARD = gnu11;
				GCC_DYNAMIC_NO_PIC = NO;
				GCC_NO_COMMON_BLOCKS = YES;
				GCC_OPTIMIZATION_LEVEL = 0;
				GCC_PREPROCESSOR_DEFINITIONS = (
					"DEBUG=1",
					"$(inherited)",
				);
				GCC_WARN_64_TO_32_BIT_CONVERSION = YES;
				GCC_WARN_ABOUT_RETURN_TYPE = YES_ERROR;
				GCC_WARN_UNDECLARED_SELECTOR = YES;
				GCC_WARN_UNINITIALIZED_AUTOS = YES_AGGRESSIVE;
				GCC_WARN_UNUSED_FUNCTION = YES;
				GCC_WARN_UNUSED_VARIABLE = YES;
				IPHONEOS_DEPLOYMENT_TARGET = 15.2;
				MTL_ENABLE_DEBUG_INFO = INCLUDE_SOURCE;
				MTL_FAST_MATH = YES;
				ONLY_ACTIVE_ARCH = YES;
				SDKROOT = iphoneos;
				SWIFT_ACTIVE_COMPILATION_CONDITIONS = DEBUG;
				SWIFT_OPTIMIZATION_LEVEL = "-Onone";
			};
			name = Debug;
		};
		B19EE5E82E9C332D0090F6E3 /* Release */ = {
			isa = XCBuildConfiguration;
			buildSettings = {
				ALWAYS_SEARCH_USER_PATHS = NO;
				CLANG_ANALYZER_NONNULL = YES;
				CLANG_ANALYZER_NUMBER_OBJECT_CONVERSION = YES_AGGRESSIVE;
				CLANG_CXX_LANGUAGE_STANDARD = "gnu++17";
				CLANG_CXX_LIBRARY = "libc++";
				CLANG_ENABLE_MODULES = YES;
				CLANG_ENABLE_OBJC_ARC = YES;
				CLANG_ENABLE_OBJC_WEAK = YES;
				CLANG_WARN_BLOCK_CAPTURE_AUTORELEASING = YES;
				CLANG_WARN_BOOL_CONVERSION = YES;
				CLANG_WARN_COMMA = YES;
				CLANG_WARN_CONSTANT_CONVERSION = YES;
				CLANG_WARN_DEPRECATED_OBJC_IMPLEMENTATIONS = YES;
				CLANG_WARN_DIRECT_OBJC_ISA_USAGE = YES_ERROR;
				CLANG_WARN_DOCUMENTATION_COMMENTS = YES;
				CLANG_WARN_EMPTY_BODY = YES;
				CLANG_WARN_ENUM_CONVERSION = YES;
				CLANG_WARN_INFINITE_RECURSION = YES;
				CLANG_WARN_INT_CONVERSION = YES;
				CLANG_WARN_NON_LITERAL_NULL_CONVERSION = YES;
				CLANG_WARN_OBJC_IMPLICIT_RETAIN_SELF = YES;
				CLANG_WARN_OBJC_LITERAL_CONVERSION = YES;
				CLANG_WARN_OBJC_ROOT_CLASS = YES_ERROR;
				CLANG_WARN_QUOTED_INCLUDE_IN_FRAMEWORK_HEADER = YES;
				CLANG_WARN_RANGE_LOOP_ANALYSIS = YES;
				CLANG_WARN_STRICT_PROTOTYPES = YES;
				CLANG_WARN_SUSPICIOUS_MOVE = YES;
				CLANG_WARN_UNGUARDED_AVAILABILITY = YES_AGGRESSIVE;
				CLANG_WARN_UNREACHABLE_CODE = YES;
				CLANG_WARN__DUPLICATE_METHOD_MATCH = YES;
				COPY_PHASE_STRIP = NO;
				DEBUG_INFORMATION_FORMAT = "dwarf-with-dsym";
				ENABLE_NS_ASSERTIONS = NO;
				ENABLE_STRICT_OBJC_MSGSEND = YES;
				GCC_C_LANGUAGE_STANDARD = gnu11;
				GCC_NO_COMMON_BLOCKS = YES;
				GCC_WARN_64_TO_32_BIT_CONVERSION = YES;
				GCC_WARN_ABOUT_RETURN_TYPE = YES_ERROR;
				GCC_WARN_UNDECLARED_SELECTOR = YES;
				GCC_WARN_UNINITIALIZED_AUTOS = YES_AGGRESSIVE;
				GCC_WARN_UNUSED_FUNCTION = YES;
				GCC_WARN_UNUSED_VARIABLE = YES;
				IPHONEOS_DEPLOYMENT_TARGET = 15.2;
				MTL_ENABLE_DEBUG_INFO = NO;
				MTL_FAST_MATH = YES;
				SDKROOT = iphoneos;
				SWIFT_COMPILATION_MODE = wholemodule;
				SWIFT_OPTIMIZATION_LEVEL = "-O";
				VALIDATE_PRODUCT = YES;
			};
			name = Release;
		};
		B19EE5EA2E9C332D0090F6E3 /* Debug */ = {
			isa = XCBuildConfiguration;
			buildSettings = {
				ASSETCATALOG_COMPILER_APPICON_NAME = AppIcon;
				ASSETCATALOG_COMPILER_GLOBAL_ACCENT_COLOR_NAME = AccentColor;
				CODE_SIGN_STYLE = Automatic;
				CURRENT_PROJECT_VERSION = 1;
				DEVELOPMENT_ASSET_PATHS = "\"lab1/Preview Content\"";
				ENABLE_PREVIEWS = YES;
				GENERATE_INFOPLIST_FILE = YES;
				INFOPLIST_KEY_UIApplicationSceneManifest_Generation = YES;
				INFOPLIST_KEY_UIApplicationSupportsIndirectInputEvents = YES;
				INFOPLIST_KEY_UILaunchScreen_Generation = YES;
				INFOPLIST_KEY_UISupportedInterfaceOrientations_iPad = "UIInterfaceOrientationPortrait UIInterfaceOrientationPortraitUpsideDown UIInterfaceOrientationLandscapeLeft UIInterfaceOrientationLandscapeRight";
				INFOPLIST_KEY_UISupportedInterfaceOrientations_iPhone = "UIInterfaceOrientationPortrait UIInterfaceOrientationLandscapeLeft UIInterfaceOrientationLandscapeRight";
				LD_RUNPATH_SEARCH_PATHS = (
					"$(inherited)",
					"@executable_path/Frameworks",
				);
				MARKETING_VERSION = 1.0;
				PRODUCT_BUNDLE_IDENTIFIER = com.university.lab.lab1;
				PRODUCT_NAME = "$(TARGET_NAME)";
				SWIFT_EMIT_LOC_STRINGS = YES;
				SWIFT_VERSION = 5.0;
				TARGETED_DEVICE_FAMILY = "1,2";
			};
			name = Debug;
		};
		B19EE5EB2E9C332D0090F6E3 /* Release */ = {
			isa = XCBuildConfiguration;
			buildSettings = {
				ASSETCATALOG_COMPILER_APPICON_NAME = AppIcon;
				ASSETCATALOG_COMPILER_GLOBAL_ACCENT_COLOR_NAME = AccentColor;
				CODE_SIGN_STYLE = Automatic;
				CURRENT_PROJECT_VERSION = 1;
				DEVELOPMENT_ASSET_PATHS = "\"lab1/Preview Content\"";
				ENABLE_PREVIEWS = YES;
				GENERATE_INFOPLIST_FILE = YES;
				INFOPLIST_KEY_UIApplicationSceneManifest_Generation = YES;
				INFOPLIST_KEY_UIApplicationSupportsIndirectInputEvents = YES;
				INFOPLIST_KEY_UILaunchScreen_Generation = YES;
				INFOPLIST_KEY_UISupportedInterfaceOrientations_iPad = "UIInterfaceOrientationPortrait UIInterfaceOrientationPortraitUpsideDown UIInterfaceOrientationLandscapeLeft UIInterfaceOrientationLandscapeRight";
				INFOPLIST_KEY_UISupportedInterfaceOrientations_iPhone = "UIInterfaceOrientationPortrait UIInterfaceOrientationLandscapeLeft UIInterfaceOrientationLandscapeRight";
				LD_RUNPATH_SEARCH_PATHS = (
					"$(inherited)",
					"@executable_path/Frameworks",
				);
				MARKETING_VERSION = 1.0;
				PRODUCT_BUNDLE_IDENTIFIER = com.university.lab.lab1;
				PRODUCT_NAME = "$(TARGET_NAME)";
				SWIFT_EMIT_LOC_STRINGS = YES;
				SWIFT_VERSION = 5.0;
				TARGETED_DEVICE_FAMILY = "1,2";
			};
			name = Release;
		};
		B19EE5ED2E9C332D0090F6E3 /* Debug */ = {
			isa = XCBuildConfiguration;
			buildSettings = {
				ALWAYS_EMBED_SWIFT_STANDARD_LIBRARIES = YES;
				BUNDLE_LOADER = "$(TEST_HOST)";
				CODE_SIGN_STYLE = Automatic;
				CURRENT_PROJECT_VERSION = 1;
				GENERATE_INFOPLIST_FILE = YES;
				IPHONEOS_DEPLOYMENT_TARGET = 15.2;
				MARKETING_VERSION = 1.0;
				PRODUCT_BUNDLE_IDENTIFIER = com.university.lab.lab1Tests;
				PRODUCT_NAME = "$(TARGET_NAME)";
				SWIFT_EMIT_LOC_STRINGS = NO;
				SWIFT_VERSION = 5.0;
				TARGETED_DEVICE_FAMILY = "1,2";
				TEST_HOST = "$(BUILT_PRODUCTS_DIR)/lab1.app/lab1";
			};
			name = Debug;
		};
		B19EE5EE2E9C332D0090F6E3 /* Release */ = {
			isa = XCBuildConfiguration;
			buildSettings = {
				ALWAYS_EMBED_SWIFT_STANDARD_LIBRARIES = YES;
				BUNDLE_LOADER = "$(TEST_HOST)";
				CODE_SIGN_STYLE = Automatic;
				CURRENT_PROJECT_VERSION = 1;
				GENERATE_INFOPLIST_FILE = YES;
				IPHONEOS_DEPLOYMENT_TARGET = 15.2;
				MARKETING_VERSION = 1.0;
				PRODUCT_BUNDLE_IDENTIFIER = com.university.lab.lab1Tests;
				PRODUCT_NAME = "$(TARGET_NAME)";
				SWIFT_EMIT_LOC_STRINGS = NO;
				SWIFT_VERSION = 5.0;
				TARGETED_DEVICE_FAMILY = "1,2";
				TEST_HOST = "$(BUILT_PRODUCTS_DIR)/lab1.app/lab1";
			};
			name = Release;
		};
		B19EE5F02E9C332D0090F6E3 /* Debug */ = {
			isa = XCBuildConfiguration;
			buildSettings = {
				ALWAYS_EMBED_SWIFT_STANDARD_LIBRARIES = YES;
				CODE_SIGN_STYLE = Automatic;
				CURRENT_PROJECT_VERSION = 1;
				GENERATE_INFOPLIST_FILE = YES;
				MARKETING_VERSION = 1.0;
				PRODUCT_BUNDLE_IDENTIFIER = com.university.lab.lab1UITests;
				PRODUCT_NAME = "$(TARGET_NAME)";
				SWIFT_EMIT_LOC_STRINGS = NO;
				SWIFT_VERSION = 5.0;
				TARGETED_DEVICE_FAMILY = "1,2";
				TEST_TARGET_NAME = lab1;
			};
			name = Debug;
		};
		B19EE5F12E9C332D0090F6E3 /* Release */ = {
			isa = XCBuildConfiguration;
			buildSettings = {
				ALWAYS_EMBED_SWIFT_STANDARD_LIBRARIES = YES;
				CODE_SIGN_STYLE = Automatic;
				CURRENT_PROJECT_VERSION = 1;
				GENERATE_INFOPLIST_FILE = YES;
				MARKETING_VERSION = 1.0;
				PRODUCT_BUNDLE_IDENTIFIER = com.university.lab.lab1UITests;
				PRODUCT_NAME = "$(TARGET_NAME)";
				SWIFT_EMIT_LOC_STRINGS = NO;
				SWIFT_VERSION = 5.0;
				TARGETED_DEVICE_FAMILY = "1,2";
				TEST_TARGET_NAME = lab1;
			};
			name = Release;
		};
/* End XCBuildConfiguration section */

/* Begin XCConfigurationList section */
		B19EE5C02E9C33240090F6E3 /* Build configuration list for PBXProject "lab1" */ = {
			isa = XCConfigurationList;
			buildConfigurations = (
				B19EE5E72E9C332D0090F6E3 /* Debug */,
				B19EE5E82E9C332D0090F6E3 /* Release */,
			);
			defaultConfigurationIsVisible = 0;
			defaultConfigurationName = Release;
		};
		B19EE5E92E9C332D0090F6E3 /* Build configuration list for PBXNativeTarget "lab1" */ = {
			isa = XCConfigurationList;
			buildConfigurations = (
				B19EE5EA2E9C332D0090F6E3 /* Debug */,
				B19EE5EB2E9C332D0090F6E3 /* Release */,
			);
			defaultConfigurationIsVisible = 0;
			defaultConfigurationName = Release;
		};
		B19EE5EC2E9C332D0090F6E3 /* Build configuration list for PBXNativeTarget "lab1Tests" */ = {
			isa = XCConfigurationList;
			buildConfigurations = (
				B19EE5ED2E9C332D0090F6E3 /* Debug */,
				B19EE5EE2E9C332D0090F6E3 /* Release */,
			);
			defaultConfigurationIsVisible = 0;
			defaultConfigurationName = Release;
		};
		B19EE5EF2E9C332D0090F6E3 /* Build configuration list for PBXNativeTarget "lab1UITests" */ = {
			isa = XCConfigurationList;
			buildConfigurations = (
				B19EE5F02E9C332D0090F6E3 /* Debug */,
				B19EE5F12E9C332D0090F6E3 /* Release */,
			);
			defaultConfigurationIsVisible = 0;
			defaultConfigurationName = Release;
		};
/* End XCConfigurationList section */
	};
	rootObject = B19EE5BD2E9C33240090F6E3 /* Project object */;
}
